
Microsoft Visual Studio Solution File, Format Version 12.00
# Visual Studio Version 16
VisualStudioVersion = 16.0.29519.87
MinimumVisualStudioVersion = 10.0.40219.1
Project("{FAE04EC0-301F-11D3-BF4B-00C04F79EFBC}") = "Exercise1.Android", "Exercise1\Exercise1.Android\Exercise1.Android.csproj", "{333F0E25-A348-41E1-B803-C5E680C66854}"
EndProject
Project("{FAE04EC0-301F-11D3-BF4B-00C04F79EFBC}") = "Exercise1.iOS", "Exercise1\Exercise1.iOS\Exercise1.iOS.csproj", "{9A38952A-FCC6-4A7D-866A-23A816F98572}"
EndProject
Project("{FAE04EC0-301F-11D3-BF4B-00C04F79EFBC}") = "Exercise1", "Exercise1\Exercise1\Exercise1.csproj", "{F2E541AB-A1CC-4F79-84F3-34B30F80A3AB}"
EndProject
Global
	GlobalSection(SolutionConfigurationPlatforms) = preSolution
		Debug|Any CPU = Debug|Any CPU
		Debug|iPhone = Debug|iPhone
		Debug|iPhoneSimulator = Debug|iPhoneSimulator
		Release|Any CPU = Release|Any CPU
		Release|iPhone = Release|iPhone
		Release|iPhoneSimulator = Release|iPhoneSimulator
	EndGlobalSection
	GlobalSection(ProjectConfigurationPlatforms) = postSolution
		{333F0E25-A348-41E1-B803-C5E680C66854}.Debug|Any CPU.ActiveCfg = Debug|Any CPU
		{333F0E25-A348-41E1-B803-C5E680C66854}.Debug|Any CPU.Build.0 = Debug|Any CPU
		{333F0E25-A348-41E1-B803-C5E680C66854}.Debug|Any CPU.Deploy.0 = Debug|Any CPU
		{333F0E25-A348-41E1-B803-C5E680C66854}.Debug|iPhone.ActiveCfg = Debug|Any CPU
		{333F0E25-A348-41E1-B803-C5E680C66854}.Debug|iPhone.Build.0 = Debug|Any CPU
		{333F0E25-A348-41E1-B803-C5E680C66854}.Debug|iPhone.Deploy.0 = Debug|Any CPU
		{333F0E25-A348-41E1-B803-C5E680C66854}.Debug|iPhoneSimulator.ActiveCfg = Debug|Any CPU
		{333F0E25-A348-41E1-B803-C5E680C66854}.Debug|iPhoneSimulator.Build.0 = Debug|Any CPU
		{333F0E25-A348-41E1-B803-C5E680C66854}.Debug|iPhoneSimulator.Deploy.0 = Debug|Any CPU
		{333F0E25-A348-41E1-B803-C5E680C66854}.Release|Any CPU.ActiveCfg = Release|Any CPU
		{333F0E25-A348-41E1-B803-C5E680C66854}.Release|Any CPU.Build.0 = Release|Any CPU
		{333F0E25-A348-41E1-B803-C5E680C66854}.Release|Any CPU.Deploy.0 = Release|Any CPU
		{333F0E25-A348-41E1-B803-C5E680C66854}.Release|iPhone.ActiveCfg = Release|Any CPU
		{333F0E25-A348-41E1-B803-C5E680C66854}.Release|iPhone.Build.0 = Release|Any CPU
		{333F0E25-A348-41E1-B803-C5E680C66854}.Release|iPhone.Deploy.0 = Release|Any CPU
		{333F0E25-A348-41E1-B803-C5E680C66854}.Release|iPhoneSimulator.ActiveCfg = Release|Any CPU
		{333F0E25-A348-41E1-B803-C5E680C66854}.Release|iPhoneSimulator.Build.0 = Release|Any CPU
		{333F0E25-A348-41E1-B803-C5E680C66854}.Release|iPhoneSimulator.Deploy.0 = Release|Any CPU
		{9A38952A-FCC6-4A7D-866A-23A816F98572}.Debug|Any CPU.ActiveCfg = Debug|iPhoneSimulator
		{9A38952A-FCC6-4A7D-866A-23A816F98572}.Debug|Any CPU.Build.0 = Debug|iPhoneSimulator
		{9A38952A-FCC6-4A7D-866A-23A816F98572}.Debug|Any CPU.Deploy.0 = Debug|iPhoneSimulator
		{9A38952A-FCC6-4A7D-866A-23A816F98572}.Debug|iPhone.ActiveCfg = Debug|iPhone
		{9A38952A-FCC6-4A7D-866A-23A816F98572}.Debug|iPhone.Build.0 = Debug|iPhone
		{9A38952A-FCC6-4A7D-866A-23A816F98572}.Debug|iPhone.Deploy.0 = Debug|iPhone
		{9A38952A-FCC6-4A7D-866A-23A816F98572}.Debug|iPhoneSimulator.ActiveCfg = Debug|iPhoneSimulator
		{9A38952A-FCC6-4A7D-866A-23A816F98572}.Debug|iPhoneSimulator.Build.0 = Debug|iPhoneSimulator
		{9A38952A-FCC6-4A7D-866A-23A816F98572}.Debug|iPhoneSimulator.Deploy.0 = Debug|iPhoneSimulator
		{9A38952A-FCC6-4A7D-866A-23A816F98572}.Release|Any CPU.ActiveCfg = Release|iPhone
		{9A38952A-FCC6-4A7D-866A-23A816F98572}.Release|Any CPU.Build.0 = Release|iPhone
		{9A38952A-FCC6-4A7D-866A-23A816F98572}.Release|Any CPU.Deploy.0 = Release|iPhone
		{9A38952A-FCC6-4A7D-866A-23A816F98572}.Release|iPhone.ActiveCfg = Release|iPhone
		{9A38952A-FCC6-4A7D-866A-23A816F98572}.Release|iPhone.Build.0 = Release|iPhone
		{9A38952A-FCC6-4A7D-866A-23A816F98572}.Release|iPhone.Deploy.0 = Release|iPhone
		{9A38952A-FCC6-4A7D-866A-23A816F98572}.Release|iPhoneSimulator.ActiveCfg = Release|iPhoneSimulator
		{9A38952A-FCC6-4A7D-866A-23A816F98572}.Release|iPhoneSimulator.Build.0 = Release|iPhoneSimulator
		{9A38952A-FCC6-4A7D-866A-23A816F98572}.Release|iPhoneSimulator.Deploy.0 = Release|iPhoneSimulator
		{F2E541AB-A1CC-4F79-84F3-34B30F80A3AB}.Debug|Any CPU.ActiveCfg = Debug|Any CPU
		{F2E541AB-A1CC-4F79-84F3-34B30F80A3AB}.Debug|Any CPU.Build.0 = Debug|Any CPU
		{F2E541AB-A1CC-4F79-84F3-34B30F80A3AB}.Debug|Any CPU.Deploy.0 = Debug|Any CPU
		{F2E541AB-A1CC-4F79-84F3-34B30F80A3AB}.Debug|iPhone.ActiveCfg = Debug|Any CPU
		{F2E541AB-A1CC-4F79-84F3-34B30F80A3AB}.Debug|iPhone.Build.0 = Debug|Any CPU
		{F2E541AB-A1CC-4F79-84F3-34B30F80A3AB}.Debug|iPhone.Deploy.0 = Debug|Any CPU
		{F2E541AB-A1CC-4F79-84F3-34B30F80A3AB}.Debug|iPhoneSimulator.ActiveCfg = Debug|Any CPU
		{F2E541AB-A1CC-4F79-84F3-34B30F80A3AB}.Debug|iPhoneSimulator.Build.0 = Debug|Any CPU
		{F2E541AB-A1CC-4F79-84F3-34B30F80A3AB}.Debug|iPhoneSimulator.Deploy.0 = Debug|Any CPU
		{F2E541AB-A1CC-4F79-84F3-34B30F80A3AB}.Release|Any CPU.ActiveCfg = Release|Any CPU
		{F2E541AB-A1CC-4F79-84F3-34B30F80A3AB}.Release|Any CPU.Build.0 = Release|Any CPU
		{F2E541AB-A1CC-4F79-84F3-34B30F80A3AB}.Release|Any CPU.Deploy.0 = Release|Any CPU
		{F2E541AB-A1CC-4F79-84F3-34B30F80A3AB}.Release|iPhone.ActiveCfg = Release|Any CPU
		{F2E541AB-A1CC-4F79-84F3-34B30F80A3AB}.Release|iPhone.Build.0 = Release|Any CPU
		{F2E541AB-A1CC-4F79-84F3-34B30F80A3AB}.Release|iPhone.Deploy.0 = Release|Any CPU
		{F2E541AB-A1CC-4F79-84F3-34B30F80A3AB}.Release|iPhoneSimulator.ActiveCfg = Release|Any CPU
		{F2E541AB-A1CC-4F79-84F3-34B30F80A3AB}.Release|iPhoneSimulator.Build.0 = Release|Any CPU
		{F2E541AB-A1CC-4F79-84F3-34B30F80A3AB}.Release|iPhoneSimulator.Deploy.0 = Release|Any CPU
	EndGlobalSection
	GlobalSection(SolutionProperties) = preSolution
		HideSolutionNode = FALSE
	EndGlobalSection
	GlobalSection(ExtensibilityGlobals) = postSolution
		SolutionGuid = {C2D6FA6F-E225-4D86-8EB0-6A3947E66C30}
	EndGlobalSection
EndGlobal
